PODS:
  - IQKeyboardManager (6.2.0)

DEPENDENCIES:
  - IQKeyboardManager

SPEC REPOS:
  https://github.com/cocoapods/specs.git:
    - IQKeyboardManager

SPEC CHECKSUMS:
  IQKeyboardManager: 6194101620b73af5e67900b8f89707a99de0b804

PODFILE CHECKSUM: 78c288e40e199aa26049ab945bf071d136817ac0

COCOAPODS: 1.5.3
